
Microsoft Visual Studio Solution File, Format Version 12.00
# Visual Studio Version 16
VisualStudioVersion = 16.0.30114.105
MinimumVisualStudioVersion = 10.0.40219.1
Project("{FAE04EC0-301F-11D3-BF4B-00C04F79EFBC}") = "Local Methods", "Local Methods\Local Methods.csproj", "{1E5F848C-E3A2-4A79-A748-E83741A511AA}"
EndProject
Global
	GlobalSection(SolutionConfigurationPlatforms) = preSolution
		Debug|Any CPU = Debug|Any CPU
		Release|Any CPU = Release|Any CPU
	EndGlobalSection
	GlobalSection(ProjectConfigurationPlatforms) = postSolution
		{1E5F848C-E3A2-4A79-A748-E83741A511AA}.Debug|Any CPU.ActiveCfg = Debug|Any CPU
		{1E5F848C-E3A2-4A79-A748-E83741A511AA}.Debug|Any CPU.Build.0 = Debug|Any CPU
		{1E5F848C-E3A2-4A79-A748-E83741A511AA}.Release|Any CPU.ActiveCfg = Release|Any CPU
		{1E5F848C-E3A2-4A79-A748-E83741A511AA}.Release|Any CPU.Build.0 = Release|Any CPU
	EndGlobalSection
	GlobalSection(SolutionProperties) = preSolution
		HideSolutionNode = FALSE
	EndGlobalSection
	GlobalSection(ExtensibilityGlobals) = postSolution
		SolutionGuid = {E8C9F8FB-6CA5-4163-9333-E4C2F353F379}
	EndGlobalSection
EndGlobal
